github.com/BurntSushi/toml v0.3.1/go.mod h1:xHWCNGjB5oqiDr8zfno3MHue2Ht5sIBksp03qcyfWMU=
github.com/aethiopicuschan/nanoda v0.0.2 h1:TvJ+s/tVdkg5/lFQgUqYA6oZv1It6kXUOw6/BP402zU=
github.com/aethiopicuschan/nanoda v0.0.2/go.mod h1:PmIFUmgOMGcflM93Hu+DIvy8yWDluFjnlgrcjg8ALKo=
github.com/ajstarks/deck v0.0.0-20200831202436-30c9fc6549a9/go.mod h1:JynElWSGnm/4RlzPXRlREEwqTHAN3T56Bv2ITsFT3gY=
github.com/ajstarks/deck/generate v0.0.0-20210309230005-c3f852c02e19/go.mod h1:T13YZdzov6OU0A1+RfKZiZN9ca6VeKdBdyDV+BY97Tk=
github.com/ajstarks/svgo v0.0.0-20211024235047-1546f124cd8b h1:slYM766cy2nI3BwyRiyQj/Ud48djTMtMebDqepE95rw=
github.com/ajstarks/svgo v0.0.0-20211024235047-1546f124cd8b/go.mod h1:1KcenG0jGWcpt8ov532z81sp/kMMUG485J2InIOyADM=
github.com/deltammo/octree v0.0.0-20150116103559-1e68f3d8fcd4 h1:kW9AVgSe3QLW7xAakxT1cahOspURdwiSgRHw2p9mXsI=
github.com/deltammo/octree v0.0.0-20150116103559-1e68f3d8fcd4/go.mod h1:1ZPnScl1A4AkwWvA/eNu+YS7RYVf+PK82VtqZ/815C4=
github.com/ebitengine/oto/v3 v3.1.0 h1:9tChG6rizyeR2w3vsygTTTVVJ9QMMyu00m2yBOCch6U=
github.com/ebitengine/oto/v3 v3.1.0/go.mod h1:IK1QTnlfZK2GIB6ziyECm433hAdTaPpOsGMLhEyEGTg=
github.com/ebitengine/purego v0.5.0 h1:JrMGKfRIAM4/QVKaesIIT7m/UVjTj5GYhRSQYwfVdpo=
github.com/ebitengine/purego v0.5.0/go.mod h1:ah1In8AOtksoNK6yk5z1HTJeUkC1Ez4Wk2idgGslMwQ=
github.com/go-ole/go-ole v1.2.6/go.mod h1:pprOEPIfldk/42T2oK7lQ4v4JSDwmV0As9GaiUsvbm0=
github.com/go-ole/go-ole v1.3.0 h1:Dt6ye7+vXGIKZ7Xtk4s6/xVdGDQynvom7xCFEdWr6uE=
github.com/go-ole/go-ole v1.3.0/go.mod h1:5LS6F96DhAwUc7C+1HLexzMXY1xGRSryjyPPKW6zv78=
github.com/google/uuid v1.3.1 h1:KjJaJ9iWZ3jOFZIf1Lqf4laDRCasjl0BCmnEGxkdLb4=
github.com/google/uuid v1.3.1/go.mod h1:TIyPZe4MgqvfeYDBFedMoGGpEw/LqOeaOT+nhxU+yHo=
github.com/hajimehoshi/ebiten/v2 v2.6.4 h1:G6tABZ4/njmi8Qn/l4Bqq49UrONrWW7TKcMMOSjPcpk=
github.com/hajimehoshi/ebiten/v2 v2.6.4/go.mod h1:TZtorL713an00UW4LyvMeKD8uXWnuIuCPtlH11b0pgI=
github.com/kisielk/gotool v1.0.0/go.mod h1:XhKaO+MFFWcvkIS/tQcRk01m1F5IRFswLeQ+oQHNcck=
github.com/moutend/go-wav v0.0.0-20170820031854-56127fbbb7ba h1:OjLj0dIkgDrGzgLHh2dv2BGtpa8RwCqykn2ThFcOMLc=
github.com/moutend/go-wav v0.0.0-20170820031854-56127fbbb7ba/go.mod h1:y/Ls9PBADL6vJfbt4gZbNtUS2grnEGnFg4RMsCa5g/4=
github.com/moutend/go-wca v0.3.0 h1:IzhsQ44zBzMdT42xlBjiLSVya9cPYOoKx9E+yXVhFo8=
github.com/moutend/go-wca v0.3.0/go.mod h1:7VrPO512jnjFGJ6rr+zOoCfiYjOHRPNfbttJuxAurcw=
github.com/yuin/goldmark v1.2.1/go.mod h1:3hX8gzYuyVAZsxl0MRgGTJEmQBFcNTphYh9decYSb74=
golang.org/x/crypto v0.0.0-20190308221718-c2843e01d9a2/go.mod h1:djNgcEr1/C05ACkg1iLfiJU5Ep61QUkGW8qpdssI0+w=
golang.org/x/crypto v0.0.0-20191011191535-87dc89f01550/go.mod h1:yigFU9vqHzYiE8UmvKecakEJjdnWj3jj499lnFckfCI=
golang.org/x/crypto v0.0.0-20200622213623-75b288015ac9/go.mod h1:LzIPMQfyMNhhGPhUkYOs5KpL4U8rLKemX1yGLhDgUto=
golang.org/x/mod v0.3.0/go.mod h1:s0Qsj1ACt9ePp/hMypM3fl4fZqREWJwdYDEqhRiZZUA=
golang.org/x/net v0.0.0-20190404232315-eb5bcb51f2a3/go.mod h1:t9HGtf8HONx5eT2rtn7q6eTqICYqUVnKs3thJo3Qplg=
golang.org/x/net v0.0.0-20190620200207-3b0461eec859/go.mod h1:z5CRVTTTmAJ677TzLLGU+0bjPO0LkuOLi4/5GtJWs/s=
golang.org/x/net v0.0.0-20201021035429-f5854403a974/go.mod h1:sp8m0HH+o8qH0wwXwYZr8TS3Oi6o0r6Gce1SSxlDquU=
golang.org/x/sync v0.0.0-20190423024810-112230192c58/go.mod h1:RxMgew5VJxzue5/jJTE5uejpjVlOe/izrB70Jof72aM=
golang.org/x/sync v0.0.0-20201020160332-67f06af15bc9/go.mod h1:RxMgew5VJxzue5/jJTE5uejpjVlOe/izrB70Jof72aM=
golang.org/x/sys v0.0.0-20190215142949-d0b11bdaac8a/go.mod h1:STP8DvDyc/dI5b8T5hshtkjS+E42TnysNCUPdjciGhY=
golang.org/x/sys v0.0.0-20190412213103-97732733099d/go.mod h1:h1NjWce9XRLGQEsW7wpKNCjG9DtNlClVuFLEZdDNbEs=
golang.org/x/sys v0.0.0-20190916202348-b4ddaad3f8a3/go.mod h1:h1NjWce9XRLGQEsW7wpKNCjG9DtNlClVuFLEZdDNbEs=
golang.org/x/sys v0.0.0-20200930185726-fdedc70b468f/go.mod h1:h1NjWce9XRLGQEsW7wpKNCjG9DtNlClVuFLEZdDNbEs=
golang.org/x/sys v0.0.0-20210119212857-b64e53b001e4/go.mod h1:h1NjWce9XRLGQEsW7wpKNCjG9DtNlClVuFLEZdDNbEs=
golang.org/x/sys v0.1.0/go.mod h1:oPkhp1MJrh7nUepCBck5+mAzfO9JrbApNNgaTdGDITg=
golang.org/x/sys v0.13.0 h1:Af8nKPmuFypiUBjVoU9V20FiaFXOcuZI21p0ycVYYGE=
golang.org/x/sys v0.13.0/go.mod h1:oPkhp1MJrh7nUepCBck5+mAzfO9JrbApNNgaTdGDITg=
golang.org/x/text v0.3.0/go.mod h1:NqM8EUOU14njkJ3fqMW+pc6Ldnwhi/IjpwHt7yyuwOQ=
golang.org/x/text v0.3.3/go.mod h1:5Zoc/QRtKVWzQhOtBMvqHzDpF6irO9z98xDceosuGiQ=
golang.org/x/tools v0.0.0-20180917221912-90fa682c2a6e/go.mod h1:n7NCudcB/nEzxVGmLbDWY5pfWTLqBcC2KZ6jyYvM4mQ=
golang.org/x/tools v0.0.0-20191119224855-298f0cb1881e/go.mod h1:b+2E5dAYhXwXZwtnZ6UAqBI28+e2cm9otk0dWdXHAEo=
golang.org/x/tools v0.1.0/go.mod h1:xkSsbof2nBLbhDlRMhhhyNLN/zl3eTqcnHD5viDpcZ0=
golang.org/x/xerrors v0.0.0-20190717185122-a985d3407aa7/go.mod h1:I/5z698sn9Ka8TeJc9MKroUUfqBBauWjQqLJ2OPfmY0=
golang.org/x/xerrors v0.0.0-20191011141410-1b5146add898/go.mod h1:I/5z698sn9Ka8TeJc9MKroUUfqBBauWjQqLJ2OPfmY0=
golang.org/x/xerrors v0.0.0-20200804184101-5ec99f83aff1/go.mod h1:I/5z698sn9Ka8TeJc9MKroUUfqBBauWjQqLJ2OPfmY0=
honnef.co/go/tools v0.1.3/go.mod h1:NgwopIslSNH47DimFoV78dnkksY2EFtX0ajyb3K/las=
